
Microsoft Visual Studio Solution File, Format Version 12.00
# Visual Studio 15
VisualStudioVersion = 15.0.27428.2027
MinimumVisualStudioVersion = 10.0.40219.1
Project("{FAE04EC0-301F-11D3-BF4B-00C04F79EFBC}") = "First_Laba", "First_Laba\First_Laba.csproj", "{9AD252BA-EE9A-4229-81CD-7DC9031934EB}"
EndProject
Global
	GlobalSection(SolutionConfigurationPlatforms) = preSolution
		Debug|Any CPU = Debug|Any CPU
		Release|Any CPU = Release|Any CPU
	EndGlobalSection
	GlobalSection(ProjectConfigurationPlatforms) = postSolution
		{9AD252BA-EE9A-4229-81CD-7DC9031934EB}.Debug|Any CPU.ActiveCfg = Debug|Any CPU
		{9AD252BA-EE9A-4229-81CD-7DC9031934EB}.Debug|Any CPU.Build.0 = Debug|Any CPU
		{9AD252BA-EE9A-4229-81CD-7DC9031934EB}.Release|Any CPU.ActiveCfg = Release|Any CPU
		{9AD252BA-EE9A-4229-81CD-7DC9031934EB}.Release|Any CPU.Build.0 = Release|Any CPU
	EndGlobalSection
	GlobalSection(SolutionProperties) = preSolution
		HideSolutionNode = FALSE
	EndGlobalSection
	GlobalSection(ExtensibilityGlobals) = postSolution
		SolutionGuid = {15E6C914-D1BE-4ABD-89BB-AFDD0D58A262}
	EndGlobalSection
EndGlobal
